
Microsoft Visual Studio Solution File, Format Version 12.00
# Visual Studio Version 16
VisualStudioVersion = 16.0.29519.181
MinimumVisualStudioVersion = 10.0.40219.1
Project("{FAE04EC0-301F-11D3-BF4B-00C04F79EFBC}") = "lab_10", "lab_10.csproj", "{C0428B7F-B599-4212-889F-EE8AA5DBF16B}"
EndProject
Global
	GlobalSection(SolutionConfigurationPlatforms) = preSolution
		Debug|Any CPU = Debug|Any CPU
		Release|Any CPU = Release|Any CPU
	EndGlobalSection
	GlobalSection(ProjectConfigurationPlatforms) = postSolution
		{C0428B7F-B599-4212-889F-EE8AA5DBF16B}.Debug|Any CPU.ActiveCfg = Debug|Any CPU
		{C0428B7F-B599-4212-889F-EE8AA5DBF16B}.Debug|Any CPU.Build.0 = Debug|Any CPU
		{C0428B7F-B599-4212-889F-EE8AA5DBF16B}.Release|Any CPU.ActiveCfg = Release|Any CPU
		{C0428B7F-B599-4212-889F-EE8AA5DBF16B}.Release|Any CPU.Build.0 = Release|Any CPU
	EndGlobalSection
	GlobalSection(SolutionProperties) = preSolution
		HideSolutionNode = FALSE
	EndGlobalSection
	GlobalSection(ExtensibilityGlobals) = postSolution
		SolutionGuid = {2C01E3F5-BF70-4603-B19B-689D14DEA75A}
	EndGlobalSection
EndGlobal
