
Microsoft Visual Studio Solution File, Format Version 12.00
# Visual Studio Version 16
VisualStudioVersion = 16.0.29519.181
MinimumVisualStudioVersion = 10.0.40219.1
Project("{FAE04EC0-301F-11D3-BF4B-00C04F79EFBC}") = "lab_11", "lab_11.csproj", "{1A7DDCB4-125B-4A1A-9500-9B9D2FD933B1}"
EndProject
Global
	GlobalSection(SolutionConfigurationPlatforms) = preSolution
		Debug|Any CPU = Debug|Any CPU
		Release|Any CPU = Release|Any CPU
	EndGlobalSection
	GlobalSection(ProjectConfigurationPlatforms) = postSolution
		{1A7DDCB4-125B-4A1A-9500-9B9D2FD933B1}.Debug|Any CPU.ActiveCfg = Debug|Any CPU
		{1A7DDCB4-125B-4A1A-9500-9B9D2FD933B1}.Debug|Any CPU.Build.0 = Debug|Any CPU
		{1A7DDCB4-125B-4A1A-9500-9B9D2FD933B1}.Release|Any CPU.ActiveCfg = Release|Any CPU
		{1A7DDCB4-125B-4A1A-9500-9B9D2FD933B1}.Release|Any CPU.Build.0 = Release|Any CPU
	EndGlobalSection
	GlobalSection(SolutionProperties) = preSolution
		HideSolutionNode = FALSE
	EndGlobalSection
	GlobalSection(ExtensibilityGlobals) = postSolution
		SolutionGuid = {8F302486-70E5-42F4-9C0C-B60134406880}
	EndGlobalSection
EndGlobal
