
Microsoft Visual Studio Solution File, Format Version 12.00
# Visual Studio Version 16
VisualStudioVersion = 16.0.29519.181
MinimumVisualStudioVersion = 10.0.40219.1
Project("{FAE04EC0-301F-11D3-BF4B-00C04F79EFBC}") = "lab_16", "lab_16.csproj", "{8814B18C-0A72-4571-8AE8-9D81710B37DC}"
EndProject
Global
	GlobalSection(SolutionConfigurationPlatforms) = preSolution
		Debug|Any CPU = Debug|Any CPU
		Release|Any CPU = Release|Any CPU
	EndGlobalSection
	GlobalSection(ProjectConfigurationPlatforms) = postSolution
		{8814B18C-0A72-4571-8AE8-9D81710B37DC}.Debug|Any CPU.ActiveCfg = Debug|Any CPU
		{8814B18C-0A72-4571-8AE8-9D81710B37DC}.Debug|Any CPU.Build.0 = Debug|Any CPU
		{8814B18C-0A72-4571-8AE8-9D81710B37DC}.Release|Any CPU.ActiveCfg = Release|Any CPU
		{8814B18C-0A72-4571-8AE8-9D81710B37DC}.Release|Any CPU.Build.0 = Release|Any CPU
	EndGlobalSection
	GlobalSection(SolutionProperties) = preSolution
		HideSolutionNode = FALSE
	EndGlobalSection
	GlobalSection(ExtensibilityGlobals) = postSolution
		SolutionGuid = {6546B369-E400-4FF4-BC25-81BCFF698C23}
	EndGlobalSection
EndGlobal
